
Microsoft Visual Studio Solution File, Format Version 12.00
# Visual Studio Version 17
VisualStudioVersion = 17.2.32630.192
MinimumVisualStudioVersion = 10.0.40219.1
Project("{FAE04EC0-301F-11D3-BF4B-00C04F79EFBC}") = "Common", "FutureProofing\Common.csproj", "{A67A7059-7A34-471E-9D84-4F0E05760A5C}"
EndProject
Project("{FAE04EC0-301F-11D3-BF4B-00C04F79EFBC}") = "People.Library", "People.Library\People.Library.csproj", "{E7942885-AA6A-45FD-A531-0058F13576EF}"
EndProject
Project("{FAE04EC0-301F-11D3-BF4B-00C04F79EFBC}") = "People.Service", "People.Service\People.Service.csproj", "{1E887BA2-5A68-4F3F-B9D6-A356EA0A48B5}"
EndProject
Global
	GlobalSection(SolutionConfigurationPlatforms) = preSolution
		Debug|Any CPU = Debug|Any CPU
		Release|Any CPU = Release|Any CPU
	EndGlobalSection
	GlobalSection(ProjectConfigurationPlatforms) = postSolution
		{A67A7059-7A34-471E-9D84-4F0E05760A5C}.Debug|Any CPU.ActiveCfg = Debug|Any CPU
		{A67A7059-7A34-471E-9D84-4F0E05760A5C}.Debug|Any CPU.Build.0 = Debug|Any CPU
		{A67A7059-7A34-471E-9D84-4F0E05760A5C}.Release|Any CPU.ActiveCfg = Release|Any CPU
		{A67A7059-7A34-471E-9D84-4F0E05760A5C}.Release|Any CPU.Build.0 = Release|Any CPU
		{E7942885-AA6A-45FD-A531-0058F13576EF}.Debug|Any CPU.ActiveCfg = Debug|Any CPU
		{E7942885-AA6A-45FD-A531-0058F13576EF}.Debug|Any CPU.Build.0 = Debug|Any CPU
		{E7942885-AA6A-45FD-A531-0058F13576EF}.Release|Any CPU.ActiveCfg = Release|Any CPU
		{E7942885-AA6A-45FD-A531-0058F13576EF}.Release|Any CPU.Build.0 = Release|Any CPU
		{1E887BA2-5A68-4F3F-B9D6-A356EA0A48B5}.Debug|Any CPU.ActiveCfg = Debug|Any CPU
		{1E887BA2-5A68-4F3F-B9D6-A356EA0A48B5}.Debug|Any CPU.Build.0 = Debug|Any CPU
		{1E887BA2-5A68-4F3F-B9D6-A356EA0A48B5}.Release|Any CPU.ActiveCfg = Release|Any CPU
		{1E887BA2-5A68-4F3F-B9D6-A356EA0A48B5}.Release|Any CPU.Build.0 = Release|Any CPU
	EndGlobalSection
	GlobalSection(SolutionProperties) = preSolution
		HideSolutionNode = FALSE
	EndGlobalSection
	GlobalSection(ExtensibilityGlobals) = postSolution
		SolutionGuid = {AC2B8CD3-4ABC-487E-8223-A8687B012F3E}
	EndGlobalSection
EndGlobal
