
Microsoft Visual Studio Solution File, Format Version 12.00
# Visual Studio Version 17
VisualStudioVersion = 17.2.32630.192
MinimumVisualStudioVersion = 10.0.40219.1
Project("{FAE04EC0-301F-11D3-BF4B-00C04F79EFBC}") = "Polygons", "Polygons\Polygons.csproj", "{9D0036D9-88B7-4E93-8D78-CB159C3C432C}"
EndProject
Project("{FAE04EC0-301F-11D3-BF4B-00C04F79EFBC}") = "Polygons.Library", "Polygons.Library\Polygons.Library.csproj", "{68F07FB2-3D4D-4138-B7F4-D5267307A6F0}"
EndProject
Global
	GlobalSection(SolutionConfigurationPlatforms) = preSolution
		Debug|Any CPU = Debug|Any CPU
		Release|Any CPU = Release|Any CPU
	EndGlobalSection
	GlobalSection(ProjectConfigurationPlatforms) = postSolution
		{9D0036D9-88B7-4E93-8D78-CB159C3C432C}.Debug|Any CPU.ActiveCfg = Debug|Any CPU
		{9D0036D9-88B7-4E93-8D78-CB159C3C432C}.Debug|Any CPU.Build.0 = Debug|Any CPU
		{9D0036D9-88B7-4E93-8D78-CB159C3C432C}.Release|Any CPU.ActiveCfg = Release|Any CPU
		{9D0036D9-88B7-4E93-8D78-CB159C3C432C}.Release|Any CPU.Build.0 = Release|Any CPU
		{68F07FB2-3D4D-4138-B7F4-D5267307A6F0}.Debug|Any CPU.ActiveCfg = Debug|Any CPU
		{68F07FB2-3D4D-4138-B7F4-D5267307A6F0}.Debug|Any CPU.Build.0 = Debug|Any CPU
		{68F07FB2-3D4D-4138-B7F4-D5267307A6F0}.Release|Any CPU.ActiveCfg = Release|Any CPU
		{68F07FB2-3D4D-4138-B7F4-D5267307A6F0}.Release|Any CPU.Build.0 = Release|Any CPU
	EndGlobalSection
	GlobalSection(SolutionProperties) = preSolution
		HideSolutionNode = FALSE
	EndGlobalSection
	GlobalSection(ExtensibilityGlobals) = postSolution
		SolutionGuid = {E6BB59D9-A12A-4A85-8522-5E5FF2A11039}
	EndGlobalSection
EndGlobal
